<?xml version="1.0" encoding="utf-8"?>
<Project ToolsVersion="4.0" xmlns="http://schemas.microsoft.com/developer/msbuild/2003">
  <ItemGroup>
    <Filter Include="Resource Files">
      <UniqueIdentifier>{67DA6AB6-F800-4c08-8B7A-83BB121AAD01}</UniqueIdentifier>
      <Extensions>rc;ico;cur;bmp;dlg;rc2;rct;bin;rgs;gif;jpg;jpeg;jpe;resx;tiff;tif;png;wav;mfcribbon-ms</Extensions>
    </Filter>
    <Filter Include="AppFramework">
      <UniqueIdentifier>{577e717b-96c0-4c8f-9949-83207270579c}</UniqueIdentifier>
    </Filter>
    <Filter Include="Graphics3D">
      <UniqueIdentifier>{3975b86a-7e80-493f-b7da-23681dee6470}</UniqueIdentifier>
    </Filter>
    <Filter Include="Utilities">
      <UniqueIdentifier>{9b72dd54-96c6-4267-a025-80b782341160}</UniqueIdentifier>
    </Filter>
    <Filter Include="Actors">
      <UniqueIdentifier>{79b26296-9981-4cce-b660-a315fbb097a1}</UniqueIdentifier>
    </Filter>
    <Filter Include="EventManager">
      <UniqueIdentifier>{7534956d-10ad-4e5f-ad6e-99a808728c0c}</UniqueIdentifier>
    </Filter>
    <Filter Include="Debugging">
      <UniqueIdentifier>{1b34d319-349a-43bd-970e-f3d7392a4858}</UniqueIdentifier>
    </Filter>
    <Filter Include="ResourceCache">
      <UniqueIdentifier>{0448200a-138a-46c1-80c0-082320a8154c}</UniqueIdentifier>
    </Filter>
  </ItemGroup>
  <ItemGroup>
    <Text Include="ReadMe.txt" />
  </ItemGroup>
  <ItemGroup>
    <ClInclude Include="RenderEngineBase.h" />
    <ClInclude Include="RenderEngineInterface.h" />
    <ClInclude Include="RenderEngine.h" />
    <ClInclude Include="AppFramework\RenderEngineApp.h">
      <Filter>AppFramework</Filter>
    </ClInclude>
    <ClInclude Include="AppFramework\HumanView.h">
      <Filter>AppFramework</Filter>
    </ClInclude>
    <ClInclude Include="Graphics3D\Scene.h">
      <Filter>Graphics3D</Filter>
    </ClInclude>
    <ClInclude Include="AppFramework\BaseGameLogic.h">
      <Filter>AppFramework</Filter>
    </ClInclude>
    <ClInclude Include="Graphics3D\D3DRenderer.h">
      <Filter>Graphics3D</Filter>
    </ClInclude>
    <ClInclude Include="Utilities\Templates.h">
      <Filter>Utilities</Filter>
    </ClInclude>
    <ClInclude Include="Actors\Actor.h">
      <Filter>Actors</Filter>
    </ClInclude>
    <ClInclude Include="Actors\ActorComponent.h">
      <Filter>Actors</Filter>
    </ClInclude>
    <ClInclude Include="Actors\ActorFactory.h">
      <Filter>Actors</Filter>
    </ClInclude>
    <ClInclude Include="Actors\RenderComponent.h">
      <Filter>Actors</Filter>
    </ClInclude>
    <ClInclude Include="Actors\RenderComponentInterface.h">
      <Filter>Actors</Filter>
    </ClInclude>
    <ClInclude Include="Actors\TransformComponent.h">
      <Filter>Actors</Filter>
    </ClInclude>
    <ClInclude Include="Utilities\HashedString.h">
      <Filter>Utilities</Filter>
    </ClInclude>
    <ClInclude Include="Graphics3D\SceneNode.h">
      <Filter>Graphics3D</Filter>
    </ClInclude>
    <ClInclude Include="EventManager\EventManager.h">
      <Filter>EventManager</Filter>
    </ClInclude>
    <ClInclude Include="EventManager\EventManagerImpl.h">
      <Filter>EventManager</Filter>
    </ClInclude>
    <ClInclude Include="EventManager\Events.h">
      <Filter>EventManager</Filter>
    </ClInclude>
    <ClInclude Include="Utilities\ConcurrentQueue.h">
      <Filter>Utilities</Filter>
    </ClInclude>
    <ClInclude Include="Debugging\Logger.h">
      <Filter>Debugging</Filter>
    </ClInclude>
    <ClInclude Include="Debugging\MemoryWatcher.h">
      <Filter>Debugging</Filter>
    </ClInclude>
    <ClInclude Include="Debugging\MiniDump.h">
      <Filter>Debugging</Filter>
    </ClInclude>
    <ClInclude Include="ResourceCache\ResCache.h">
      <Filter>ResourceCache</Filter>
    </ClInclude>
    <ClInclude Include="ResourceCache\XmlResource.h">
      <Filter>ResourceCache</Filter>
    </ClInclude>
    <ClInclude Include="ResourceCache\ZipFile.h">
      <Filter>ResourceCache</Filter>
    </ClInclude>
  </ItemGroup>
  <ItemGroup>
    <ClCompile Include="AppFramework\RenderEngineApp.cpp">
      <Filter>AppFramework</Filter>
    </ClCompile>
    <ClCompile Include="AppFramework\HumanView.cpp">
      <Filter>AppFramework</Filter>
    </ClCompile>
    <ClCompile Include="Graphics3D\Scene.cpp">
      <Filter>Graphics3D</Filter>
    </ClCompile>
    <ClCompile Include="AppFramework\BaseGameLogic.cpp">
      <Filter>AppFramework</Filter>
    </ClCompile>
    <ClCompile Include="Graphics3D\D3DRenderer.cpp">
      <Filter>Graphics3D</Filter>
    </ClCompile>
    <ClCompile Include="Actors\Actor.cpp">
      <Filter>Actors</Filter>
    </ClCompile>
    <ClCompile Include="Actors\ActorFactory.cpp">
      <Filter>Actors</Filter>
    </ClCompile>
    <ClCompile Include="Actors\RenderComponent.cpp">
      <Filter>Actors</Filter>
    </ClCompile>
    <ClCompile Include="Actors\TransformComponent.cpp">
      <Filter>Actors</Filter>
    </ClCompile>
    <ClCompile Include="Utilities\HashedString.cpp">
      <Filter>Utilities</Filter>
    </ClCompile>
    <ClCompile Include="Graphics3D\SceneNode.cpp">
      <Filter>Graphics3D</Filter>
    </ClCompile>
    <ClCompile Include="EventManager\EventManager.cpp">
      <Filter>EventManager</Filter>
    </ClCompile>
    <ClCompile Include="EventManager\EventManagerImpl.cpp">
      <Filter>EventManager</Filter>
    </ClCompile>
    <ClCompile Include="EventManager\Events.cpp">
      <Filter>EventManager</Filter>
    </ClCompile>
    <ClCompile Include="Debugging\Debugging.cpp">
      <Filter>Debugging</Filter>
    </ClCompile>
    <ClCompile Include="Debugging\Logger.cpp">
      <Filter>Debugging</Filter>
    </ClCompile>
    <ClCompile Include="Debugging\MiniDump.cpp">
      <Filter>Debugging</Filter>
    </ClCompile>
    <ClCompile Include="ResourceCache\ResCache.cpp">
      <Filter>ResourceCache</Filter>
    </ClCompile>
    <ClCompile Include="ResourceCache\XmlResource.cpp">
      <Filter>ResourceCache</Filter>
    </ClCompile>
    <ClCompile Include="ResourceCache\ZipFile.cpp">
      <Filter>ResourceCache</Filter>
    </ClCompile>
  </ItemGroup>
</Project>