<?xml version="1.0" encoding="utf-8"?>
<Project ToolsVersion="4.0" xmlns="http://schemas.microsoft.com/developer/msbuild/2003">
  <ItemGroup>
    <Filter Include="Source Files">
      <UniqueIdentifier>{4FC737F1-C7A5-4376-A066-2A32D752A2FF}</UniqueIdentifier>
      <Extensions>cpp;c;cc;cxx;def;odl;idl;hpj;bat;asm;asmx</Extensions>
    </Filter>
    <Filter Include="Header Files">
      <UniqueIdentifier>{93995380-89BD-4b04-88EB-625FBE52EBFB}</UniqueIdentifier>
      <Extensions>h;hh;hpp;hxx;hm;inl;inc;xsd</Extensions>
    </Filter>
    <Filter Include="Resource Files">
      <UniqueIdentifier>{67DA6AB6-F800-4c08-8B7A-83BB121AAD01}</UniqueIdentifier>
      <Extensions>rc;ico;cur;bmp;dlg;rc2;rct;bin;rgs;gif;jpg;jpeg;jpe;resx;tiff;tif;png;wav;mfcribbon-ms</Extensions>
    </Filter>
    <Filter Include="AppFramework">
      <UniqueIdentifier>{365fd38b-1335-4a90-96e1-5aeb6605546d}</UniqueIdentifier>
    </Filter>
    <Filter Include="Debugging">
      <UniqueIdentifier>{876e1002-e86d-47ad-851e-f2a4d8dd7834}</UniqueIdentifier>
    </Filter>
    <Filter Include="Actors">
      <UniqueIdentifier>{1c9cfbf5-7471-4528-973b-c605a18d00a4}</UniqueIdentifier>
    </Filter>
    <Filter Include="Graphics3D">
      <UniqueIdentifier>{7512f251-ab45-42f8-89a6-f578d76562cf}</UniqueIdentifier>
    </Filter>
    <Filter Include="Mainloop">
      <UniqueIdentifier>{2467fc40-561a-4a8a-99b7-61e55c2252ee}</UniqueIdentifier>
    </Filter>
    <Filter Include="Multicore">
      <UniqueIdentifier>{375bed1f-5b83-402d-8c75-ba8859429073}</UniqueIdentifier>
    </Filter>
    <Filter Include="ResourceCache">
      <UniqueIdentifier>{56e97a1d-3f8a-4bd8-a4f1-825b3d4e9326}</UniqueIdentifier>
    </Filter>
    <Filter Include="UserInterface">
      <UniqueIdentifier>{3c73658c-ef53-4f5a-93e6-ece4488b0cf3}</UniqueIdentifier>
    </Filter>
    <Filter Include="Utilities">
      <UniqueIdentifier>{30bf824b-0bbd-409e-af39-efba040b7ce3}</UniqueIdentifier>
    </Filter>
  </ItemGroup>
  <ItemGroup>
    <Text Include="ReadMe.txt" />
  </ItemGroup>
  <ItemGroup>
    <ClInclude Include="stdafx.h">
      <Filter>Header Files</Filter>
    </ClInclude>
    <ClInclude Include="targetver.h">
      <Filter>Header Files</Filter>
    </ClInclude>
    <ClInclude Include="RenderEngine.h">
      <Filter>Header Files</Filter>
    </ClInclude>
    <ClInclude Include="RenderEngineInterface.h">
      <Filter>Header Files</Filter>
    </ClInclude>
    <ClInclude Include="Utilities\String.h">
      <Filter>Utilities</Filter>
    </ClInclude>
    <ClInclude Include="ResourceCache\ResCache.h">
      <Filter>ResourceCache</Filter>
    </ClInclude>
    <ClInclude Include="ResourceCache\XmlResource.h">
      <Filter>ResourceCache</Filter>
    </ClInclude>
    <ClInclude Include="ResourceCache\ZipFile.h">
      <Filter>ResourceCache</Filter>
    </ClInclude>
    <ClInclude Include="Multicore\CriticalSection.h">
      <Filter>Multicore</Filter>
    </ClInclude>
    <ClInclude Include="Mainloop\InitialOptions.h">
      <Filter>Mainloop</Filter>
    </ClInclude>
    <ClInclude Include="Mainloop\Process.h">
      <Filter>Mainloop</Filter>
    </ClInclude>
    <ClInclude Include="Mainloop\ProcessManager.h">
      <Filter>Mainloop</Filter>
    </ClInclude>
    <ClInclude Include="Debugging\Logger.h">
      <Filter>Debugging</Filter>
    </ClInclude>
    <ClInclude Include="Debugging\MemoryWatcher.h">
      <Filter>Debugging</Filter>
    </ClInclude>
    <ClInclude Include="Debugging\MiniDump.h">
      <Filter>Debugging</Filter>
    </ClInclude>
    <ClInclude Include="Utilities\Templates.h">
      <Filter>Utilities</Filter>
    </ClInclude>
  </ItemGroup>
  <ItemGroup>
    <ClCompile Include="stdafx.cpp">
      <Filter>Source Files</Filter>
    </ClCompile>
    <ClCompile Include="RenderEngine.cpp">
      <Filter>Source Files</Filter>
    </ClCompile>
    <ClCompile Include="dllmain.cpp">
      <Filter>Source Files</Filter>
    </ClCompile>
    <ClCompile Include="Utilities\String.cpp">
      <Filter>Utilities</Filter>
    </ClCompile>
    <ClCompile Include="ResourceCache\ResCache.cpp">
      <Filter>ResourceCache</Filter>
    </ClCompile>
    <ClCompile Include="ResourceCache\XmlResource.cpp">
      <Filter>ResourceCache</Filter>
    </ClCompile>
    <ClCompile Include="ResourceCache\ZipFile.cpp">
      <Filter>ResourceCache</Filter>
    </ClCompile>
    <ClCompile Include="Mainloop\InitialOptions.cpp">
      <Filter>Mainloop</Filter>
    </ClCompile>
    <ClCompile Include="Mainloop\Process.cpp">
      <Filter>Mainloop</Filter>
    </ClCompile>
    <ClCompile Include="Mainloop\ProcessManager.cpp">
      <Filter>Mainloop</Filter>
    </ClCompile>
    <ClCompile Include="Debugging\Logger.cpp">
      <Filter>Debugging</Filter>
    </ClCompile>
    <ClCompile Include="Debugging\MiniDump.cpp">
      <Filter>Debugging</Filter>
    </ClCompile>
  </ItemGroup>
</Project>